// !$*UTF8*$!
{
	archiveVersion = 1;
	classes = {
	};
	objectVersion = 46;
	objects = {

/* Begin PBXBuildFile section */
		EE18BC4915BFF3A5003EC499 /* Cocoa.framework in Frameworks */ = {isa = PBXBuildFile; fileRef = EE18BC4815BFF3A5003EC499 /* Cocoa.framework */; };
		EE18BC5315BFF3A5003EC499 /* InfoPlist.strings in Resources */ = {isa = PBXBuildFile; fileRef = EE18BC5115BFF3A5003EC499 /* InfoPlist.strings */; };
		EE18BC5515BFF3A5003EC499 /* main.m in Sources */ = {isa = PBXBuildFile; fileRef = EE18BC5415BFF3A5003EC499 /* main.m */; };
		EE18BC5915BFF3A5003EC499 /* Credits.rtf in Resources */ = {isa = PBXBuildFile; fileRef = EE18BC5715BFF3A5003EC499 /* Credits.rtf */; };
		EE18BC5C15BFF3A5003EC499 /* AppDelegate.m in Sources */ = {isa = PBXBuildFile; fileRef = EE18BC5B15BFF3A5003EC499 /* AppDelegate.m */; };
		EE18BC5F15BFF3A5003EC499 /* MainMenu.xib in Resources */ = {isa = PBXBuildFile; fileRef = EE18BC5D15BFF3A5003EC499 /* MainMenu.xib */; };
		EE18BC6715BFF3A5003EC499 /* SenTestingKit.framework in Frameworks */ = {isa = PBXBuildFile; fileRef = EE18BC6615BFF3A5003EC499 /* SenTestingKit.framework */; };
		EE18BC6815BFF3A5003EC499 /* Cocoa.framework in Frameworks */ = {isa = PBXBuildFile; fileRef = EE18BC4815BFF3A5003EC499 /* Cocoa.framework */; };
		EE18BC7015BFF3A5003EC499 /* InfoPlist.strings in Resources */ = {isa = PBXBuildFile; fileRef = EE18BC6E15BFF3A5003EC499 /* InfoPlist.strings */; };
		EE18BC7315BFF3A5003EC499 /* IsItUsedTests.m in Sources */ = {isa = PBXBuildFile; fileRef = EE18BC7215BFF3A5003EC499 /* IsItUsedTests.m */; };
		EE18BCA815C24456003EC499 /* UsedObject.m in Sources */ = {isa = PBXBuildFile; fileRef = EE18BCA715C24456003EC499 /* UsedObject.m */; };
		EE18BCAB15C24A6E003EC499 /* ProcessWithUsedObjects.m in Sources */ = {isa = PBXBuildFile; fileRef = EE18BCAA15C24A6E003EC499 /* ProcessWithUsedObjects.m */; };
		EE18BCB115C25B34003EC499 /* GetProcessWithUsedObjects.m in Sources */ = {isa = PBXBuildFile; fileRef = EE18BCB015C25B34003EC499 /* GetProcessWithUsedObjects.m */; };
		EE27837415F32AA1007A6975 /* ExecutableBinaryIcon.icns in Resources */ = {isa = PBXBuildFile; fileRef = EE27837315F32AA1007A6975 /* ExecutableBinaryIcon.icns */; };
		EE312B8D15D0034A00490C66 /* UsedObjectListModel.m in Sources */ = {isa = PBXBuildFile; fileRef = EE312B8C15D0034A00490C66 /* UsedObjectListModel.m */; };
		EE312B9415D0D0EA00490C66 /* UsedObjectTableViewController.m in Sources */ = {isa = PBXBuildFile; fileRef = EE312B9315D0D0EA00490C66 /* UsedObjectTableViewController.m */; };
		EE312B9715D0E09000490C66 /* IsItUsedModel.m in Sources */ = {isa = PBXBuildFile; fileRef = EE312B9615D0E09000490C66 /* IsItUsedModel.m */; };
		EE53D25515DE1101003486C2 /* StatusBar.m in Sources */ = {isa = PBXBuildFile; fileRef = EE53D25415DE1101003486C2 /* StatusBar.m */; };
		EE53D25F15DE1A95003486C2 /* app_icon.icns in Resources */ = {isa = PBXBuildFile; fileRef = EE53D25E15DE1A95003486C2 /* app_icon.icns */; };
		EE53D26915DE1CDB003486C2 /* Terminal.icns in Resources */ = {isa = PBXBuildFile; fileRef = EE53D26815DE1CDB003486C2 /* Terminal.icns */; };
		EE610A3E15E79CBD007BFC4B /* tb_quit_process.png in Resources */ = {isa = PBXBuildFile; fileRef = EE610A3D15E79CBD007BFC4B /* tb_quit_process.png */; };
		EE66F73315EC80A50069D1F5 /* tb_goto_process.png in Resources */ = {isa = PBXBuildFile; fileRef = EE66F73215EC80A50069D1F5 /* tb_goto_process.png */; };
		EE66F73715EC84F60069D1F5 /* tb_goto_process@2x.png in Resources */ = {isa = PBXBuildFile; fileRef = EE66F73515EC84F60069D1F5 /* tb_goto_process@2x.png */; };
		EE66F73815EC84F60069D1F5 /* tb_quit_process@2x.png in Resources */ = {isa = PBXBuildFile; fileRef = EE66F73615EC84F60069D1F5 /* tb_quit_process@2x.png */; };
		EEA40E7F15EE2C840053E8EC /* QuitProcessAlertWindow.xib in Resources */ = {isa = PBXBuildFile; fileRef = EEA40E7E15EE2C840053E8EC /* QuitProcessAlertWindow.xib */; };
		EEA40E8315EE2FA20053E8EC /* IUQuitProcessAlertWindowController.m in Sources */ = {isa = PBXBuildFile; fileRef = EEA40E8215EE2FA20053E8EC /* IUQuitProcessAlertWindowController.m */; };
		EEB07D8615F0852500D273F6 /* libRunningProcessesInfo.a in Frameworks */ = {isa = PBXBuildFile; fileRef = EEB07D8215F083AB00D273F6 /* libRunningProcessesInfo.a */; };
		EEEEF6E415C6A4FB009D13FB /* MainWindowController.m in Sources */ = {isa = PBXBuildFile; fileRef = EEEEF6E315C6A4FB009D13FB /* MainWindowController.m */; };
		EEEEF6E715C6A7EA009D13FB /* MainWindow.xib in Resources */ = {isa = PBXBuildFile; fileRef = EEEEF6E615C6A7EA009D13FB /* MainWindow.xib */; };
/* End PBXBuildFile section */

/* Begin PBXContainerItemProxy section */
		EE18BC6915BFF3A5003EC499 /* PBXContainerItemProxy */ = {
			isa = PBXContainerItemProxy;
			containerPortal = EE18BC3B15BFF3A5003EC499 /* Project object */;
			proxyType = 1;
			remoteGlobalIDString = EE18BC4315BFF3A5003EC499;
			remoteInfo = IsItUsed;
		};
		EEB07D8115F083AB00D273F6 /* PBXContainerItemProxy */ = {
			isa = PBXContainerItemProxy;
			containerPortal = EEB07D7C15F083AA00D273F6 /* RunningProcessesInfo.xcodeproj */;
			proxyType = 2;
			remoteGlobalIDString = EEB07D5015F083AA00D273F6;
			remoteInfo = RunningProcessesInfo;
		};
		EEB07D8315F083AB00D273F6 /* PBXContainerItemProxy */ = {
			isa = PBXContainerItemProxy;
			containerPortal = EEB07D7C15F083AA00D273F6 /* RunningProcessesInfo.xcodeproj */;
			proxyType = 2;
			remoteGlobalIDString = EEB07D6415F083AA00D273F6;
			remoteInfo = RunningProcessesInfoTests;
		};
/* End PBXContainerItemProxy section */

/* Begin PBXFileReference section */
		EE18BC4415BFF3A5003EC499 /* IsItUsed.app */ = {isa = PBXFileReference; explicitFileType = wrapper.application; includeInIndex = 0; path = IsItUsed.app; sourceTree = BUILT_PRODUCTS_DIR; };
		EE18BC4815BFF3A5003EC499 /* Cocoa.framework */ = {isa = PBXFileReference; lastKnownFileType = wrapper.framework; name = Cocoa.framework; path = System/Library/Frameworks/Cocoa.framework; sourceTree = SDKROOT; };
		EE18BC4B15BFF3A5003EC499 /* AppKit.framework */ = {isa = PBXFileReference; lastKnownFileType = wrapper.framework; name = AppKit.framework; path = System/Library/Frameworks/AppKit.framework; sourceTree = SDKROOT; };
		EE18BC4C15BFF3A5003EC499 /* CoreData.framework */ = {isa = PBXFileReference; lastKnownFileType = wrapper.framework; name = CoreData.framework; path = System/Library/Frameworks/CoreData.framework; sourceTree = SDKROOT; };
		EE18BC4D15BFF3A5003EC499 /* Foundation.framework */ = {isa = PBXFileReference; lastKnownFileType = wrapper.framework; name = Foundation.framework; path = System/Library/Frameworks/Foundation.framework; sourceTree = SDKROOT; };
		EE18BC5015BFF3A5003EC499 /* IsItUsed-Info.plist */ = {isa = PBXFileReference; lastKnownFileType = text.plist.xml; path = "IsItUsed-Info.plist"; sourceTree = "<group>"; };
		EE18BC5215BFF3A5003EC499 /* en */ = {isa = PBXFileReference; lastKnownFileType = text.plist.strings; name = en; path = en.lproj/InfoPlist.strings; sourceTree = "<group>"; };
		EE18BC5415BFF3A5003EC499 /* main.m */ = {isa = PBXFileReference; lastKnownFileType = sourcecode.c.objc; path = main.m; sourceTree = "<group>"; };
		EE18BC5615BFF3A5003EC499 /* IsItUsed-Prefix.pch */ = {isa = PBXFileReference; lastKnownFileType = sourcecode.c.h; path = "IsItUsed-Prefix.pch"; sourceTree = "<group>"; };
		EE18BC5815BFF3A5003EC499 /* en */ = {isa = PBXFileReference; lastKnownFileType = text.rtf; name = en; path = en.lproj/Credits.rtf; sourceTree = "<group>"; };
		EE18BC5A15BFF3A5003EC499 /* AppDelegate.h */ = {isa = PBXFileReference; lastKnownFileType = sourcecode.c.h; path = AppDelegate.h; sourceTree = "<group>"; };
		EE18BC5B15BFF3A5003EC499 /* AppDelegate.m */ = {isa = PBXFileReference; lastKnownFileType = sourcecode.c.objc; path = AppDelegate.m; sourceTree = "<group>"; };
		EE18BC5E15BFF3A5003EC499 /* en */ = {isa = PBXFileReference; lastKnownFileType = file.xib; name = en; path = en.lproj/MainMenu.xib; sourceTree = "<group>"; };
		EE18BC6515BFF3A5003EC499 /* IsItUsedTests.octest */ = {isa = PBXFileReference; explicitFileType = wrapper.cfbundle; includeInIndex = 0; path = IsItUsedTests.octest; sourceTree = BUILT_PRODUCTS_DIR; };
		EE18BC6615BFF3A5003EC499 /* SenTestingKit.framework */ = {isa = PBXFileReference; lastKnownFileType = wrapper.framework; name = SenTestingKit.framework; path = Library/Frameworks/SenTestingKit.framework; sourceTree = DEVELOPER_DIR; };
		EE18BC6D15BFF3A5003EC499 /* IsItUsedTests-Info.plist */ = {isa = PBXFileReference; lastKnownFileType = text.plist.xml; path = "IsItUsedTests-Info.plist"; sourceTree = "<group>"; };
		EE18BC6F15BFF3A5003EC499 /* en */ = {isa = PBXFileReference; lastKnownFileType = text.plist.strings; name = en; path = en.lproj/InfoPlist.strings; sourceTree = "<group>"; };
		EE18BC7115BFF3A5003EC499 /* IsItUsedTests.h */ = {isa = PBXFileReference; lastKnownFileType = sourcecode.c.h; path = IsItUsedTests.h; sourceTree = "<group>"; };
		EE18BC7215BFF3A5003EC499 /* IsItUsedTests.m */ = {isa = PBXFileReference; lastKnownFileType = sourcecode.c.objc; path = IsItUsedTests.m; sourceTree = "<group>"; };
		EE18BCA615C24456003EC499 /* UsedObject.h */ = {isa = PBXFileReference; fileEncoding = 4; lastKnownFileType = sourcecode.c.h; name = UsedObject.h; path = Core/UsedObject.h; sourceTree = "<group>"; };
		EE18BCA715C24456003EC499 /* UsedObject.m */ = {isa = PBXFileReference; fileEncoding = 4; lastKnownFileType = sourcecode.c.objc; name = UsedObject.m; path = Core/UsedObject.m; sourceTree = "<group>"; };
		EE18BCA915C24A6E003EC499 /* ProcessWithUsedObjects.h */ = {isa = PBXFileReference; fileEncoding = 4; lastKnownFileType = sourcecode.c.h; name = ProcessWithUsedObjects.h; path = Core/ProcessWithUsedObjects.h; sourceTree = "<group>"; };
		EE18BCAA15C24A6E003EC499 /* ProcessWithUsedObjects.m */ = {isa = PBXFileReference; fileEncoding = 4; lastKnownFileType = sourcecode.c.objc; name = ProcessWithUsedObjects.m; path = Core/ProcessWithUsedObjects.m; sourceTree = "<group>"; };
		EE18BCAF15C25B34003EC499 /* GetProcessWithUsedObjects.h */ = {isa = PBXFileReference; fileEncoding = 4; lastKnownFileType = sourcecode.c.h; name = GetProcessWithUsedObjects.h; path = Core/GetProcessWithUsedObjects.h; sourceTree = "<group>"; };
		EE18BCB015C25B34003EC499 /* GetProcessWithUsedObjects.m */ = {isa = PBXFileReference; fileEncoding = 4; lastKnownFileType = sourcecode.c.objc; name = GetProcessWithUsedObjects.m; path = Core/GetProcessWithUsedObjects.m; sourceTree = "<group>"; };
		EE27837315F32AA1007A6975 /* ExecutableBinaryIcon.icns */ = {isa = PBXFileReference; lastKnownFileType = image.icns; path = ExecutableBinaryIcon.icns; sourceTree = "<group>"; };
		EE312B8B15D0034A00490C66 /* UsedObjectListModel.h */ = {isa = PBXFileReference; fileEncoding = 4; lastKnownFileType = sourcecode.c.h; name = UsedObjectListModel.h; path = Models/UsedObjectListModel.h; sourceTree = "<group>"; };
		EE312B8C15D0034A00490C66 /* UsedObjectListModel.m */ = {isa = PBXFileReference; fileEncoding = 4; lastKnownFileType = sourcecode.c.objc; name = UsedObjectListModel.m; path = Models/UsedObjectListModel.m; sourceTree = "<group>"; };
		EE312B9215D0D0EA00490C66 /* UsedObjectTableViewController.h */ = {isa = PBXFileReference; fileEncoding = 4; lastKnownFileType = sourcecode.c.h; name = UsedObjectTableViewController.h; path = Controllers/UsedObjectTableViewController.h; sourceTree = "<group>"; };
		EE312B9315D0D0EA00490C66 /* UsedObjectTableViewController.m */ = {isa = PBXFileReference; fileEncoding = 4; lastKnownFileType = sourcecode.c.objc; name = UsedObjectTableViewController.m; path = Controllers/UsedObjectTableViewController.m; sourceTree = "<group>"; };
		EE312B9515D0E09000490C66 /* IsItUsedModel.h */ = {isa = PBXFileReference; fileEncoding = 4; lastKnownFileType = sourcecode.c.h; name = IsItUsedModel.h; path = Models/IsItUsedModel.h; sourceTree = "<group>"; };
		EE312B9615D0E09000490C66 /* IsItUsedModel.m */ = {isa = PBXFileReference; fileEncoding = 4; lastKnownFileType = sourcecode.c.objc; name = IsItUsedModel.m; path = Models/IsItUsedModel.m; sourceTree = "<group>"; };
		EE53D25315DE1101003486C2 /* StatusBar.h */ = {isa = PBXFileReference; fileEncoding = 4; lastKnownFileType = sourcecode.c.h; name = StatusBar.h; path = Controls/StatusBar.h; sourceTree = "<group>"; };
		EE53D25415DE1101003486C2 /* StatusBar.m */ = {isa = PBXFileReference; fileEncoding = 4; lastKnownFileType = sourcecode.c.objc; name = StatusBar.m; path = Controls/StatusBar.m; sourceTree = "<group>"; };
		EE53D25E15DE1A95003486C2 /* app_icon.icns */ = {isa = PBXFileReference; lastKnownFileType = image.icns; path = app_icon.icns; sourceTree = "<group>"; };
		EE53D26815DE1CDB003486C2 /* Terminal.icns */ = {isa = PBXFileReference; lastKnownFileType = image.icns; name = Terminal.icns; path = IsItUsed/Resources/Terminal.icns; sourceTree = "<group>"; };
		EE610A3D15E79CBD007BFC4B /* tb_quit_process.png */ = {isa = PBXFileReference; lastKnownFileType = image.png; name = tb_quit_process.png; path = IsItUsed/Resources/tb_quit_process.png; sourceTree = "<group>"; };
		EE66F73215EC80A50069D1F5 /* tb_goto_process.png */ = {isa = PBXFileReference; lastKnownFileType = image.png; name = tb_goto_process.png; path = IsItUsed/Resources/tb_goto_process.png; sourceTree = "<group>"; };
		EE66F73515EC84F60069D1F5 /* tb_goto_process@2x.png */ = {isa = PBXFileReference; lastKnownFileType = image.png; name = "tb_goto_process@2x.png"; path = "IsItUsed/Resources/tb_goto_process@2x.png"; sourceTree = "<group>"; };
		EE66F73615EC84F60069D1F5 /* tb_quit_process@2x.png */ = {isa = PBXFileReference; lastKnownFileType = image.png; name = "tb_quit_process@2x.png"; path = "IsItUsed/Resources/tb_quit_process@2x.png"; sourceTree = "<group>"; };
		EEA40E7E15EE2C840053E8EC /* QuitProcessAlertWindow.xib */ = {isa = PBXFileReference; fileEncoding = 4; lastKnownFileType = file.xib; path = QuitProcessAlertWindow.xib; sourceTree = "<group>"; };
		EEA40E8115EE2FA20053E8EC /* IUQuitProcessAlertWindowController.h */ = {isa = PBXFileReference; fileEncoding = 4; lastKnownFileType = sourcecode.c.h; name = IUQuitProcessAlertWindowController.h; path = Controllers/IUQuitProcessAlertWindowController.h; sourceTree = "<group>"; };
		EEA40E8215EE2FA20053E8EC /* IUQuitProcessAlertWindowController.m */ = {isa = PBXFileReference; fileEncoding = 4; lastKnownFileType = sourcecode.c.objc; name = IUQuitProcessAlertWindowController.m; path = Controllers/IUQuitProcessAlertWindowController.m; sourceTree = "<group>"; };
		EEB07D7C15F083AA00D273F6 /* RunningProcessesInfo.xcodeproj */ = {isa = PBXFileReference; lastKnownFileType = "wrapper.pb-project"; name = RunningProcessesInfo.xcodeproj; path = RunningProcessesInfo/RunningProcessesInfo.xcodeproj; sourceTree = "<group>"; };
		EEEEF6E215C6A4FB009D13FB /* MainWindowController.h */ = {isa = PBXFileReference; fileEncoding = 4; lastKnownFileType = sourcecode.c.h; name = MainWindowController.h; path = Controllers/MainWindowController.h; sourceTree = "<group>"; };
		EEEEF6E315C6A4FB009D13FB /* MainWindowController.m */ = {isa = PBXFileReference; fileEncoding = 4; lastKnownFileType = sourcecode.c.objc; name = MainWindowController.m; path = Controllers/MainWindowController.m; sourceTree = "<group>"; };
		EEEEF6E615C6A7EA009D13FB /* MainWindow.xib */ = {isa = PBXFileReference; fileEncoding = 4; lastKnownFileType = file.xib; path = MainWindow.xib; sourceTree = "<group>"; };
/* End PBXFileReference section */

/* Begin PBXFrameworksBuildPhase section */
		EE18BC4115BFF3A5003EC499 /* Frameworks */ = {
			isa = PBXFrameworksBuildPhase;
			buildActionMask = 2147483647;
			files = (
				EEB07D8615F0852500D273F6 /* libRunningProcessesInfo.a in Frameworks */,
				EE18BC4915BFF3A5003EC499 /* Cocoa.framework in Frameworks */,
			);
			runOnlyForDeploymentPostprocessing = 0;
		};
		EE18BC6115BFF3A5003EC499 /* Frameworks */ = {
			isa = PBXFrameworksBuildPhase;
			buildActionMask = 2147483647;
			files = (
				EE18BC6715BFF3A5003EC499 /* SenTestingKit.framework in Frameworks */,
				EE18BC6815BFF3A5003EC499 /* Cocoa.framework in Frameworks */,
			);
			runOnlyForDeploymentPostprocessing = 0;
		};
/* End PBXFrameworksBuildPhase section */

/* Begin PBXGroup section */
		EE18BC3915BFF3A5003EC499 = {
			isa = PBXGroup;
			children = (
				EEB07D7C15F083AA00D273F6 /* RunningProcessesInfo.xcodeproj */,
				EE53D25E15DE1A95003486C2 /* app_icon.icns */,
				EEC20D7115DA6268005902A6 /* Resources */,
				EE18BC4E15BFF3A5003EC499 /* IsItUsed */,
				EE18BC6B15BFF3A5003EC499 /* IsItUsedTests */,
				EE18BC4715BFF3A5003EC499 /* Frameworks */,
				EE18BC4515BFF3A5003EC499 /* Products */,
			);
			sourceTree = "<group>";
		};
		EE18BC4515BFF3A5003EC499 /* Products */ = {
			isa = PBXGroup;
			children = (
				EE18BC4415BFF3A5003EC499 /* IsItUsed.app */,
				EE18BC6515BFF3A5003EC499 /* IsItUsedTests.octest */,
			);
			name = Products;
			sourceTree = "<group>";
		};
		EE18BC4715BFF3A5003EC499 /* Frameworks */ = {
			isa = PBXGroup;
			children = (
				EE18BC4815BFF3A5003EC499 /* Cocoa.framework */,
				EE18BC6615BFF3A5003EC499 /* SenTestingKit.framework */,
				EE18BC4A15BFF3A5003EC499 /* Other Frameworks */,
			);
			name = Frameworks;
			sourceTree = "<group>";
		};
		EE18BC4A15BFF3A5003EC499 /* Other Frameworks */ = {
			isa = PBXGroup;
			children = (
				EE18BC4B15BFF3A5003EC499 /* AppKit.framework */,
				EE18BC4C15BFF3A5003EC499 /* CoreData.framework */,
				EE18BC4D15BFF3A5003EC499 /* Foundation.framework */,
			);
			name = "Other Frameworks";
			sourceTree = "<group>";
		};
		EE18BC4E15BFF3A5003EC499 /* IsItUsed */ = {
			isa = PBXGroup;
			children = (
				EE53D25215DE1078003486C2 /* Controls */,
				EE312B8E15D0035B00490C66 /* Models */,
				EE18BCA515C2420C003EC499 /* Core */,
				EE18BC8515C0219E003EC499 /* Controllers */,
				EE18BC4F15BFF3A5003EC499 /* Supporting Files */,
			);
			path = IsItUsed;
			sourceTree = "<group>";
		};
		EE18BC4F15BFF3A5003EC499 /* Supporting Files */ = {
			isa = PBXGroup;
			children = (
				EE18BC5015BFF3A5003EC499 /* IsItUsed-Info.plist */,
				EE18BC5115BFF3A5003EC499 /* InfoPlist.strings */,
				EE18BC5415BFF3A5003EC499 /* main.m */,
				EE18BC5615BFF3A5003EC499 /* IsItUsed-Prefix.pch */,
				EE18BC5715BFF3A5003EC499 /* Credits.rtf */,
			);
			name = "Supporting Files";
			sourceTree = "<group>";
		};
		EE18BC6B15BFF3A5003EC499 /* IsItUsedTests */ = {
			isa = PBXGroup;
			children = (
				EE18BC7115BFF3A5003EC499 /* IsItUsedTests.h */,
				EE18BC7215BFF3A5003EC499 /* IsItUsedTests.m */,
				EE18BC6C15BFF3A5003EC499 /* Supporting Files */,
			);
			path = IsItUsedTests;
			sourceTree = "<group>";
		};
		EE18BC6C15BFF3A5003EC499 /* Supporting Files */ = {
			isa = PBXGroup;
			children = (
				EE18BC6D15BFF3A5003EC499 /* IsItUsedTests-Info.plist */,
				EE18BC6E15BFF3A5003EC499 /* InfoPlist.strings */,
			);
			name = "Supporting Files";
			sourceTree = "<group>";
		};
		EE18BC8515C0219E003EC499 /* Controllers */ = {
			isa = PBXGroup;
			children = (
				EE18BC5A15BFF3A5003EC499 /* AppDelegate.h */,
				EE18BC5B15BFF3A5003EC499 /* AppDelegate.m */,
				EEEEF6E215C6A4FB009D13FB /* MainWindowController.h */,
				EEEEF6E315C6A4FB009D13FB /* MainWindowController.m */,
				EE312B9215D0D0EA00490C66 /* UsedObjectTableViewController.h */,
				EE312B9315D0D0EA00490C66 /* UsedObjectTableViewController.m */,
				EEA40E8115EE2FA20053E8EC /* IUQuitProcessAlertWindowController.h */,
				EEA40E8215EE2FA20053E8EC /* IUQuitProcessAlertWindowController.m */,
			);
			name = Controllers;
			sourceTree = "<group>";
		};
		EE18BCA515C2420C003EC499 /* Core */ = {
			isa = PBXGroup;
			children = (
				EE18BCA615C24456003EC499 /* UsedObject.h */,
				EE18BCA715C24456003EC499 /* UsedObject.m */,
				EE18BCA915C24A6E003EC499 /* ProcessWithUsedObjects.h */,
				EE18BCAA15C24A6E003EC499 /* ProcessWithUsedObjects.m */,
				EE18BCAF15C25B34003EC499 /* GetProcessWithUsedObjects.h */,
				EE18BCB015C25B34003EC499 /* GetProcessWithUsedObjects.m */,
			);
			name = Core;
			sourceTree = "<group>";
		};
		EE312B8A15C8F33200490C66 /* XIB */ = {
			isa = PBXGroup;
			children = (
				EE18BC5D15BFF3A5003EC499 /* MainMenu.xib */,
				EEEEF6E615C6A7EA009D13FB /* MainWindow.xib */,
				EEA40E7E15EE2C840053E8EC /* QuitProcessAlertWindow.xib */,
			);
			name = XIB;
			path = IsItUsed;
			sourceTree = "<group>";
		};
		EE312B8E15D0035B00490C66 /* Models */ = {
			isa = PBXGroup;
			children = (
				EE312B9515D0E09000490C66 /* IsItUsedModel.h */,
				EE312B9615D0E09000490C66 /* IsItUsedModel.m */,
				EE312B8B15D0034A00490C66 /* UsedObjectListModel.h */,
				EE312B8C15D0034A00490C66 /* UsedObjectListModel.m */,
			);
			name = Models;
			sourceTree = "<group>";
		};
		EE53D25215DE1078003486C2 /* Controls */ = {
			isa = PBXGroup;
			children = (
				EE53D25315DE1101003486C2 /* StatusBar.h */,
				EE53D25415DE1101003486C2 /* StatusBar.m */,
			);
			name = Controls;
			sourceTree = "<group>";
		};
		EE610A4015E79CD0007BFC4B /* tool bar icons */ = {
			isa = PBXGroup;
			children = (
				EE66F73215EC80A50069D1F5 /* tb_goto_process.png */,
				EE610A3D15E79CBD007BFC4B /* tb_quit_process.png */,
				EE66F73515EC84F60069D1F5 /* tb_goto_process@2x.png */,
				EE66F73615EC84F60069D1F5 /* tb_quit_process@2x.png */,
			);
			name = "tool bar icons";
			sourceTree = "<group>";
		};
		EEB07D7D15F083AA00D273F6 /* Products */ = {
			isa = PBXGroup;
			children = (
				EEB07D8215F083AB00D273F6 /* libRunningProcessesInfo.a */,
				EEB07D8415F083AB00D273F6 /* RunningProcessesInfoTests.octest */,
			);
			name = Products;
			sourceTree = "<group>";
		};
		EEC20D7115DA6268005902A6 /* Resources */ = {
			isa = PBXGroup;
			children = (
				EE27837315F32AA1007A6975 /* ExecutableBinaryIcon.icns */,
				EE610A4015E79CD0007BFC4B /* tool bar icons */,
				EE53D26815DE1CDB003486C2 /* Terminal.icns */,
				EE312B8A15C8F33200490C66 /* XIB */,
			);
			name = Resources;
			sourceTree = "<group>";
		};
/* End PBXGroup section */

/* Begin PBXNativeTarget section */
		EE18BC4315BFF3A5003EC499 /* IsItUsed */ = {
			isa = PBXNativeTarget;
			buildConfigurationList = EE18BC7615BFF3A5003EC499 /* Build configuration list for PBXNativeTarget "IsItUsed" */;
			buildPhases = (
				EE18BC4015BFF3A5003EC499 /* Sources */,
				EE18BC4115BFF3A5003EC499 /* Frameworks */,
				EE18BC4215BFF3A5003EC499 /* Resources */,
			);
			buildRules = (
			);
			dependencies = (
			);
			name = IsItUsed;
			productName = IsItUsed;
			productReference = EE18BC4415BFF3A5003EC499 /* IsItUsed.app */;
			productType = "com.apple.product-type.application";
		};
		EE18BC6415BFF3A5003EC499 /* IsItUsedTests */ = {
			isa = PBXNativeTarget;
			buildConfigurationList = EE18BC7915BFF3A5003EC499 /* Build configuration list for PBXNativeTarget "IsItUsedTests" */;
			buildPhases = (
				EE18BC6015BFF3A5003EC499 /* Sources */,
				EE18BC6115BFF3A5003EC499 /* Frameworks */,
				EE18BC6215BFF3A5003EC499 /* Resources */,
				EE18BC6315BFF3A5003EC499 /* ShellScript */,
			);
			buildRules = (
			);
			dependencies = (
				EE18BC6A15BFF3A5003EC499 /* PBXTargetDependency */,
			);
			name = IsItUsedTests;
			productName = IsItUsedTests;
			productReference = EE18BC6515BFF3A5003EC499 /* IsItUsedTests.octest */;
			productType = "com.apple.product-type.bundle";
		};
/* End PBXNativeTarget section */

/* Begin PBXProject section */
		EE18BC3B15BFF3A5003EC499 /* Project object */ = {
			isa = PBXProject;
			attributes = {
				LastUpgradeCheck = 0450;
				ORGANIZATIONNAME = "Grigory Zubankov";
			};
			buildConfigurationList = EE18BC3E15BFF3A5003EC499 /* Build configuration list for PBXProject "IsItUsed" */;
			compatibilityVersion = "Xcode 3.2";
			developmentRegion = English;
			hasScannedForEncodings = 0;
			knownRegions = (
				en,
			);
			mainGroup = EE18BC3915BFF3A5003EC499;
			productRefGroup = EE18BC4515BFF3A5003EC499 /* Products */;
			projectDirPath = "";
			projectReferences = (
				{
					ProductGroup = EEB07D7D15F083AA00D273F6 /* Products */;
					ProjectRef = EEB07D7C15F083AA00D273F6 /* RunningProcessesInfo.xcodeproj */;
				},
			);
			projectRoot = "";
			targets = (
				EE18BC4315BFF3A5003EC499 /* IsItUsed */,
				EE18BC6415BFF3A5003EC499 /* IsItUsedTests */,
			);
		};
/* End PBXProject section */

/* Begin PBXReferenceProxy section */
		EEB07D8215F083AB00D273F6 /* libRunningProcessesInfo.a */ = {
			isa = PBXReferenceProxy;
			fileType = archive.ar;
			path = libRunningProcessesInfo.a;
			remoteRef = EEB07D8115F083AB00D273F6 /* PBXContainerItemProxy */;
			sourceTree = BUILT_PRODUCTS_DIR;
		};
		EEB07D8415F083AB00D273F6 /* RunningProcessesInfoTests.octest */ = {
			isa = PBXReferenceProxy;
			fileType = wrapper.cfbundle;
			path = RunningProcessesInfoTests.octest;
			remoteRef = EEB07D8315F083AB00D273F6 /* PBXContainerItemProxy */;
			sourceTree = BUILT_PRODUCTS_DIR;
		};
/* End PBXReferenceProxy section */

/* Begin PBXResourcesBuildPhase section */
		EE18BC4215BFF3A5003EC499 /* Resources */ = {
			isa = PBXResourcesBuildPhase;
			buildActionMask = 2147483647;
			files = (
				EE18BC5315BFF3A5003EC499 /* InfoPlist.strings in Resources */,
				EE18BC5915BFF3A5003EC499 /* Credits.rtf in Resources */,
				EE18BC5F15BFF3A5003EC499 /* MainMenu.xib in Resources */,
				EEEEF6E715C6A7EA009D13FB /* MainWindow.xib in Resources */,
				EE53D25F15DE1A95003486C2 /* app_icon.icns in Resources */,
				EE53D26915DE1CDB003486C2 /* Terminal.icns in Resources */,
				EE610A3E15E79CBD007BFC4B /* tb_quit_process.png in Resources */,
				EE66F73315EC80A50069D1F5 /* tb_goto_process.png in Resources */,
				EE66F73715EC84F60069D1F5 /* tb_goto_process@2x.png in Resources */,
				EE66F73815EC84F60069D1F5 /* tb_quit_process@2x.png in Resources */,
				EEA40E7F15EE2C840053E8EC /* QuitProcessAlertWindow.xib in Resources */,
				EE27837415F32AA1007A6975 /* ExecutableBinaryIcon.icns in Resources */,
			);
			runOnlyForDeploymentPostprocessing = 0;
		};
		EE18BC6215BFF3A5003EC499 /* Resources */ = {
			isa = PBXResourcesBuildPhase;
			buildActionMask = 2147483647;
			files = (
				EE18BC7015BFF3A5003EC499 /* InfoPlist.strings in Resources */,
			);
			runOnlyForDeploymentPostprocessing = 0;
		};
/* End PBXResourcesBuildPhase section */

/* Begin PBXShellScriptBuildPhase section */
		EE18BC6315BFF3A5003EC499 /* ShellScript */ = {
			isa = PBXShellScriptBuildPhase;
			buildActionMask = 2147483647;
			files = (
			);
			inputPaths = (
			);
			outputPaths = (
			);
			runOnlyForDeploymentPostprocessing = 0;
			shellPath = /bin/sh;
			shellScript = "# Run the unit tests in this test bundle.\n\"${SYSTEM_DEVELOPER_DIR}/Tools/RunUnitTests\"\n";
		};
/* End PBXShellScriptBuildPhase section */

/* Begin PBXSourcesBuildPhase section */
		EE18BC4015BFF3A5003EC499 /* Sources */ = {
			isa = PBXSourcesBuildPhase;
			buildActionMask = 2147483647;
			files = (
				EE18BC5515BFF3A5003EC499 /* main.m in Sources */,
				EE18BC5C15BFF3A5003EC499 /* AppDelegate.m in Sources */,
				EE18BCA815C24456003EC499 /* UsedObject.m in Sources */,
				EE18BCAB15C24A6E003EC499 /* ProcessWithUsedObjects.m in Sources */,
				EE18BCB115C25B34003EC499 /* GetProcessWithUsedObjects.m in Sources */,
				EEEEF6E415C6A4FB009D13FB /* MainWindowController.m in Sources */,
				EE312B8D15D0034A00490C66 /* UsedObjectListModel.m in Sources */,
				EE312B9415D0D0EA00490C66 /* UsedObjectTableViewController.m in Sources */,
				EE312B9715D0E09000490C66 /* IsItUsedModel.m in Sources */,
				EE53D25515DE1101003486C2 /* StatusBar.m in Sources */,
				EEA40E8315EE2FA20053E8EC /* IUQuitProcessAlertWindowController.m in Sources */,
			);
			runOnlyForDeploymentPostprocessing = 0;
		};
		EE18BC6015BFF3A5003EC499 /* Sources */ = {
			isa = PBXSourcesBuildPhase;
			buildActionMask = 2147483647;
			files = (
				EE18BC7315BFF3A5003EC499 /* IsItUsedTests.m in Sources */,
			);
			runOnlyForDeploymentPostprocessing = 0;
		};
/* End PBXSourcesBuildPhase section */

/* Begin PBXTargetDependency section */
		EE18BC6A15BFF3A5003EC499 /* PBXTargetDependency */ = {
			isa = PBXTargetDependency;
			target = EE18BC4315BFF3A5003EC499 /* IsItUsed */;
			targetProxy = EE18BC6915BFF3A5003EC499 /* PBXContainerItemProxy */;
		};
/* End PBXTargetDependency section */

/* Begin PBXVariantGroup section */
		EE18BC5115BFF3A5003EC499 /* InfoPlist.strings */ = {
			isa = PBXVariantGroup;
			children = (
				EE18BC5215BFF3A5003EC499 /* en */,
			);
			name = InfoPlist.strings;
			sourceTree = "<group>";
		};
		EE18BC5715BFF3A5003EC499 /* Credits.rtf */ = {
			isa = PBXVariantGroup;
			children = (
				EE18BC5815BFF3A5003EC499 /* en */,
			);
			name = Credits.rtf;
			sourceTree = "<group>";
		};
		EE18BC5D15BFF3A5003EC499 /* MainMenu.xib */ = {
			isa = PBXVariantGroup;
			children = (
				EE18BC5E15BFF3A5003EC499 /* en */,
			);
			name = MainMenu.xib;
			sourceTree = "<group>";
		};
		EE18BC6E15BFF3A5003EC499 /* InfoPlist.strings */ = {
			isa = PBXVariantGroup;
			children = (
				EE18BC6F15BFF3A5003EC499 /* en */,
			);
			name = InfoPlist.strings;
			sourceTree = "<group>";
		};
/* End PBXVariantGroup section */

/* Begin XCBuildConfiguration section */
		EE18BC7415BFF3A5003EC499 /* Debug */ = {
			isa = XCBuildConfiguration;
			buildSettings = {
				ALWAYS_SEARCH_USER_PATHS = NO;
				ARCHS = "$(ARCHS_STANDARD_64_BIT)";
				CLANG_CXX_LANGUAGE_STANDARD = "gnu++0x";
				CLANG_ENABLE_OBJC_ARC = YES;
				CLANG_WARN__DUPLICATE_METHOD_MATCH = YES;
				COMBINE_HIDPI_IMAGES = YES;
				COPY_PHASE_STRIP = NO;
				GCC_C_LANGUAGE_STANDARD = gnu99;
				GCC_DYNAMIC_NO_PIC = NO;
				GCC_ENABLE_OBJC_EXCEPTIONS = YES;
				GCC_OPTIMIZATION_LEVEL = 0;
				GCC_PREPROCESSOR_DEFINITIONS = (
					"DEBUG=1",
					"$(inherited)",
				);
				GCC_SYMBOLS_PRIVATE_EXTERN = NO;
				GCC_WARN_64_TO_32_BIT_CONVERSION = YES;
				GCC_WARN_ABOUT_RETURN_TYPE = YES;
				GCC_WARN_UNINITIALIZED_AUTOS = YES;
				GCC_WARN_UNUSED_VARIABLE = YES;
				MACOSX_DEPLOYMENT_TARGET = 10.8;
				ONLY_ACTIVE_ARCH = YES;
				SDKROOT = macosx;
			};
			name = Debug;
		};
		EE18BC7515BFF3A5003EC499 /* Release */ = {
			isa = XCBuildConfiguration;
			buildSettings = {
				ALWAYS_SEARCH_USER_PATHS = NO;
				ARCHS = "$(ARCHS_STANDARD_64_BIT)";
				CLANG_CXX_LANGUAGE_STANDARD = "gnu++0x";
				CLANG_ENABLE_OBJC_ARC = YES;
				CLANG_WARN__DUPLICATE_METHOD_MATCH = YES;
				COMBINE_HIDPI_IMAGES = YES;
				COPY_PHASE_STRIP = YES;
				DEBUG_INFORMATION_FORMAT = "dwarf-with-dsym";
				GCC_C_LANGUAGE_STANDARD = gnu99;
				GCC_ENABLE_OBJC_EXCEPTIONS = YES;
				GCC_WARN_64_TO_32_BIT_CONVERSION = YES;
				GCC_WARN_ABOUT_RETURN_TYPE = YES;
				GCC_WARN_UNINITIALIZED_AUTOS = YES;
				GCC_WARN_UNUSED_VARIABLE = YES;
				MACOSX_DEPLOYMENT_TARGET = 10.8;
				SDKROOT = macosx;
			};
			name = Release;
		};
		EE18BC7715BFF3A5003EC499 /* Debug */ = {
			isa = XCBuildConfiguration;
			buildSettings = {
				CODE_SIGN_IDENTITY = "Mac Developer";
				FRAMEWORK_SEARCH_PATHS = (
					"$(inherited)",
					"\"$(SRCROOT)/../OCMock 2.0.1/OSX\"",
				);
				GCC_PRECOMPILE_PREFIX_HEADER = YES;
				GCC_PREFIX_HEADER = "IsItUsed/IsItUsed-Prefix.pch";
				INFOPLIST_FILE = "IsItUsed/IsItUsed-Info.plist";
				MACOSX_DEPLOYMENT_TARGET = 10.7;
				PRODUCT_NAME = "$(TARGET_NAME)";
				USER_HEADER_SEARCH_PATHS = "$SRCROOT/IsItUsed/**";
				WRAPPER_EXTENSION = app;
			};
			name = Debug;
		};
		EE18BC7815BFF3A5003EC499 /* Release */ = {
			isa = XCBuildConfiguration;
			buildSettings = {
				CODE_SIGN_IDENTITY = "Mac Developer";
				FRAMEWORK_SEARCH_PATHS = (
					"$(inherited)",
					"\"$(SRCROOT)/../OCMock 2.0.1/OSX\"",
				);
				GCC_PRECOMPILE_PREFIX_HEADER = YES;
				GCC_PREFIX_HEADER = "IsItUsed/IsItUsed-Prefix.pch";
				INFOPLIST_FILE = "IsItUsed/IsItUsed-Info.plist";
				MACOSX_DEPLOYMENT_TARGET = 10.7;
				PRODUCT_NAME = "$(TARGET_NAME)";
				USER_HEADER_SEARCH_PATHS = "$SRCROOT/IsItUsed/**";
				WRAPPER_EXTENSION = app;
			};
			name = Release;
		};
		EE18BC7A15BFF3A5003EC499 /* Debug */ = {
			isa = XCBuildConfiguration;
			buildSettings = {
				BUNDLE_LOADER = "$(BUILT_PRODUCTS_DIR)/IsItUsed.app/Contents/MacOS/IsItUsed";
				FRAMEWORK_SEARCH_PATHS = (
					"\"$(DEVELOPER_LIBRARY_DIR)/Frameworks\"",
					"\"$(SRCROOT)/../OCMock 2.0.1/OSX\"",
				);
				GCC_PRECOMPILE_PREFIX_HEADER = YES;
				GCC_PREFIX_HEADER = "IsItUsed/IsItUsed-Prefix.pch";
				INFOPLIST_FILE = "IsItUsedTests/IsItUsedTests-Info.plist";
				PRODUCT_NAME = "$(TARGET_NAME)";
				TEST_HOST = "$(BUNDLE_LOADER)";
				WRAPPER_EXTENSION = octest;
			};
			name = Debug;
		};
		EE18BC7B15BFF3A5003EC499 /* Release */ = {
			isa = XCBuildConfiguration;
			buildSettings = {
				BUNDLE_LOADER = "$(BUILT_PRODUCTS_DIR)/IsItUsed.app/Contents/MacOS/IsItUsed";
				FRAMEWORK_SEARCH_PATHS = (
					"\"$(DEVELOPER_LIBRARY_DIR)/Frameworks\"",
					"\"$(SRCROOT)/../OCMock 2.0.1/OSX\"",
				);
				GCC_PRECOMPILE_PREFIX_HEADER = YES;
				GCC_PREFIX_HEADER = "IsItUsed/IsItUsed-Prefix.pch";
				INFOPLIST_FILE = "IsItUsedTests/IsItUsedTests-Info.plist";
				PRODUCT_NAME = "$(TARGET_NAME)";
				TEST_HOST = "$(BUNDLE_LOADER)";
				WRAPPER_EXTENSION = octest;
			};
			name = Release;
		};
/* End XCBuildConfiguration section */

/* Begin XCConfigurationList section */
		EE18BC3E15BFF3A5003EC499 /* Build configuration list for PBXProject "IsItUsed" */ = {
			isa = XCConfigurationList;
			buildConfigurations = (
				EE18BC7415BFF3A5003EC499 /* Debug */,
				EE18BC7515BFF3A5003EC499 /* Release */,
			);
			defaultConfigurationIsVisible = 0;
			defaultConfigurationName = Release;
		};
		EE18BC7615BFF3A5003EC499 /* Build configuration list for PBXNativeTarget "IsItUsed" */ = {
			isa = XCConfigurationList;
			buildConfigurations = (
				EE18BC7715BFF3A5003EC499 /* Debug */,
				EE18BC7815BFF3A5003EC499 /* Release */,
			);
			defaultConfigurationIsVisible = 0;
			defaultConfigurationName = Release;
		};
		EE18BC7915BFF3A5003EC499 /* Build configuration list for PBXNativeTarget "IsItUsedTests" */ = {
			isa = XCConfigurationList;
			buildConfigurations = (
				EE18BC7A15BFF3A5003EC499 /* Debug */,
				EE18BC7B15BFF3A5003EC499 /* Release */,
			);
			defaultConfigurationIsVisible = 0;
			defaultConfigurationName = Release;
		};
/* End XCConfigurationList section */
	};
	rootObject = EE18BC3B15BFF3A5003EC499 /* Project object */;
}
